
Microsoft Visual Studio Solution File, Format Version 12.00
# Visual Studio Version 16
VisualStudioVersion = 16.0.31729.503
MinimumVisualStudioVersion = 10.0.40219.1
Project("{FAE04EC0-301F-11D3-BF4B-00C04F79EFBC}") = "Algoritma_Ornekleri_2", "Algoritma_Ornekleri_2\Algoritma_Ornekleri_2.csproj", "{3410AF04-60A1-43BC-85C8-D318C8D99A8A}"
EndProject
Global
	GlobalSection(SolutionConfigurationPlatforms) = preSolution
		Debug|Any CPU = Debug|Any CPU
		Release|Any CPU = Release|Any CPU
	EndGlobalSection
	GlobalSection(ProjectConfigurationPlatforms) = postSolution
		{3410AF04-60A1-43BC-85C8-D318C8D99A8A}.Debug|Any CPU.ActiveCfg = Debug|Any CPU
		{3410AF04-60A1-43BC-85C8-D318C8D99A8A}.Debug|Any CPU.Build.0 = Debug|Any CPU
		{3410AF04-60A1-43BC-85C8-D318C8D99A8A}.Release|Any CPU.ActiveCfg = Release|Any CPU
		{3410AF04-60A1-43BC-85C8-D318C8D99A8A}.Release|Any CPU.Build.0 = Release|Any CPU
	EndGlobalSection
	GlobalSection(SolutionProperties) = preSolution
		HideSolutionNode = FALSE
	EndGlobalSection
	GlobalSection(ExtensibilityGlobals) = postSolution
		SolutionGuid = {4A63BD1D-FB86-4B66-B483-F140B585A4D7}
	EndGlobalSection
EndGlobal
